
Microsoft Visual Studio Solution File, Format Version 12.00
# Visual Studio Version 16
VisualStudioVersion = 16.0.30104.148
MinimumVisualStudioVersion = 10.0.40219.1
Project("{FAE04EC0-301F-11D3-BF4B-00C04F79EFBC}") = "segundo parcial", "segundo parcial\segundo parcial.csproj", "{C84DE3D5-4D8A-478D-BF6D-2F844899FB83}"
EndProject
Global
	GlobalSection(SolutionConfigurationPlatforms) = preSolution
		Debug|Any CPU = Debug|Any CPU
		Release|Any CPU = Release|Any CPU
	EndGlobalSection
	GlobalSection(ProjectConfigurationPlatforms) = postSolution
		{C84DE3D5-4D8A-478D-BF6D-2F844899FB83}.Debug|Any CPU.ActiveCfg = Debug|Any CPU
		{C84DE3D5-4D8A-478D-BF6D-2F844899FB83}.Debug|Any CPU.Build.0 = Debug|Any CPU
		{C84DE3D5-4D8A-478D-BF6D-2F844899FB83}.Release|Any CPU.ActiveCfg = Release|Any CPU
		{C84DE3D5-4D8A-478D-BF6D-2F844899FB83}.Release|Any CPU.Build.0 = Release|Any CPU
	EndGlobalSection
	GlobalSection(SolutionProperties) = preSolution
		HideSolutionNode = FALSE
	EndGlobalSection
	GlobalSection(ExtensibilityGlobals) = postSolution
		SolutionGuid = {C327920E-D148-4417-B908-050EDA1B2711}
	EndGlobalSection
EndGlobal
